// !$*UTF8*$!
{
	archiveVersion = 1;
	classes = {
	};
	objectVersion = 56;
	objects = {

/* Begin PBXBuildFile section */
		337EBE582D4E2B1900602D15 /* AppDelegate.swift in Sources */ = {isa = PBXBuildFile; fileRef = 337EBE572D4E2B1900602D15 /* AppDelegate.swift */; };
		337EBE5A2D4E2B1900602D15 /* SceneDelegate.swift in Sources */ = {isa = PBXBuildFile; fileRef = 337EBE592D4E2B1900602D15 /* SceneDelegate.swift */; };
		337EBE5F2D4E2B1900602D15 /* Base in Resources */ = {isa = PBXBuildFile; fileRef = 337EBE5E2D4E2B1900602D15 /* Base */; };
		337EBE612D4E2B1A00602D15 /* Assets.xcassets in Resources */ = {isa = PBXBuildFile; fileRef = 337EBE602D4E2B1A00602D15 /* Assets.xcassets */; };
		337EBE642D4E2B1A00602D15 /* Base in Resources */ = {isa = PBXBuildFile; fileRef = 337EBE632D4E2B1A00602D15 /* Base */; };
		337EBE6F2D4E2B1B00602D15 /* HumeyraSayimTests.swift in Sources */ = {isa = PBXBuildFile; fileRef = 337EBE6E2D4E2B1B00602D15 /* HumeyraSayimTests.swift */; };
		337EBE792D4E2B1B00602D15 /* HumeyraSayimUITests.swift in Sources */ = {isa = PBXBuildFile; fileRef = 337EBE782D4E2B1B00602D15 /* HumeyraSayimUITests.swift */; };
		337EBE7B2D4E2B1B00602D15 /* HumeyraSayimUITestsLaunchTests.swift in Sources */ = {isa = PBXBuildFile; fileRef = 337EBE7A2D4E2B1B00602D15 /* HumeyraSayimUITestsLaunchTests.swift */; };
		337EBE8C2D4E2C3000602D15 /* ListModel.swift in Sources */ = {isa = PBXBuildFile; fileRef = 337EBE8B2D4E2C3000602D15 /* ListModel.swift */; };
		337EBE8E2D4E510500602D15 /* ListViewController.swift in Sources */ = {isa = PBXBuildFile; fileRef = 337EBE8D2D4E510500602D15 /* ListViewController.swift */; };
		337EBE902D4E60D500602D15 /* ListViewModel.swift in Sources */ = {isa = PBXBuildFile; fileRef = 337EBE8F2D4E60D500602D15 /* ListViewModel.swift */; };
		337EBE922D4F50F600602D15 /* ListResponseModel.swift in Sources */ = {isa = PBXBuildFile; fileRef = 337EBE912D4F50F600602D15 /* ListResponseModel.swift */; };
		337EBE952D4F51A700602D15 /* ListRepository.swift in Sources */ = {isa = PBXBuildFile; fileRef = 337EBE942D4F51A700602D15 /* ListRepository.swift */; };
		337EBE9A2D4FB5F700602D15 /* NetworkManager.swift in Sources */ = {isa = PBXBuildFile; fileRef = 337EBE992D4FB5F700602D15 /* NetworkManager.swift */; };
		337EBE9C2D502CAB00602D15 /* ListViewController.storyboard in Resources */ = {isa = PBXBuildFile; fileRef = 337EBE9B2D502CAB00602D15 /* ListViewController.storyboard */; };
		337EBEA02D502F5600602D15 /* UserListTableViewCell.swift in Sources */ = {isa = PBXBuildFile; fileRef = 337EBE9E2D502F5600602D15 /* UserListTableViewCell.swift */; };
		337EBEA12D502F5600602D15 /* UserListTableViewCell.xib in Resources */ = {isa = PBXBuildFile; fileRef = 337EBE9F2D502F5600602D15 /* UserListTableViewCell.xib */; };
		337EBEA32D50A62500602D15 /* ViewController.swift in Sources */ = {isa = PBXBuildFile; fileRef = 337EBEA22D50A62500602D15 /* ViewController.swift */; };
		337EBEA72D50B7D100602D15 /* DetailViewController.swift in Sources */ = {isa = PBXBuildFile; fileRef = 337EBEA62D50B7D100602D15 /* DetailViewController.swift */; };
		337EBEA92D50B7FF00602D15 /* DetailViewController.storyboard in Resources */ = {isa = PBXBuildFile; fileRef = 337EBEA82D50B7FF00602D15 /* DetailViewController.storyboard */; };
		337EBEAC2D50B92000602D15 /* DetailModel.swift in Sources */ = {isa = PBXBuildFile; fileRef = 337EBEAB2D50B92000602D15 /* DetailModel.swift */; };
		337EBEAF2D50B9B600602D15 /* DetailViewModel.swift in Sources */ = {isa = PBXBuildFile; fileRef = 337EBEAE2D50B9B600602D15 /* DetailViewModel.swift */; };
		337EBEB22D50BAAD00602D15 /* DetailRepository.swift in Sources */ = {isa = PBXBuildFile; fileRef = 337EBEB12D50BAAD00602D15 /* DetailRepository.swift */; };
/* End PBXBuildFile section */

/* Begin PBXContainerItemProxy section */
		337EBE6B2D4E2B1B00602D15 /* PBXContainerItemProxy */ = {
			isa = PBXContainerItemProxy;
			containerPortal = 337EBE4C2D4E2B1900602D15 /* Project object */;
			proxyType = 1;
			remoteGlobalIDString = 337EBE532D4E2B1900602D15;
			remoteInfo = HumeyraSayim;
		};
		337EBE752D4E2B1B00602D15 /* PBXContainerItemProxy */ = {
			isa = PBXContainerItemProxy;
			containerPortal = 337EBE4C2D4E2B1900602D15 /* Project object */;
			proxyType = 1;
			remoteGlobalIDString = 337EBE532D4E2B1900602D15;
			remoteInfo = HumeyraSayim;
		};
/* End PBXContainerItemProxy section */

/* Begin PBXFileReference section */
		337EBE542D4E2B1900602D15 /* HumeyraSayim.app */ = {isa = PBXFileReference; explicitFileType = wrapper.application; includeInIndex = 0; path = HumeyraSayim.app; sourceTree = BUILT_PRODUCTS_DIR; };
		337EBE572D4E2B1900602D15 /* AppDelegate.swift */ = {isa = PBXFileReference; lastKnownFileType = sourcecode.swift; path = AppDelegate.swift; sourceTree = "<group>"; };
		337EBE592D4E2B1900602D15 /* SceneDelegate.swift */ = {isa = PBXFileReference; lastKnownFileType = sourcecode.swift; path = SceneDelegate.swift; sourceTree = "<group>"; };
		337EBE5E2D4E2B1900602D15 /* Base */ = {isa = PBXFileReference; lastKnownFileType = file.storyboard; name = Base; path = Base.lproj/Main.storyboard; sourceTree = "<group>"; };
		337EBE602D4E2B1A00602D15 /* Assets.xcassets */ = {isa = PBXFileReference; lastKnownFileType = folder.assetcatalog; path = Assets.xcassets; sourceTree = "<group>"; };
		337EBE632D4E2B1A00602D15 /* Base */ = {isa = PBXFileReference; lastKnownFileType = file.storyboard; name = Base; path = Base.lproj/LaunchScreen.storyboard; sourceTree = "<group>"; };
		337EBE652D4E2B1A00602D15 /* Info.plist */ = {isa = PBXFileReference; lastKnownFileType = text.plist.xml; path = Info.plist; sourceTree = "<group>"; };
		337EBE6A2D4E2B1B00602D15 /* HumeyraSayimTests.xctest */ = {isa = PBXFileReference; explicitFileType = wrapper.cfbundle; includeInIndex = 0; path = HumeyraSayimTests.xctest; sourceTree = BUILT_PRODUCTS_DIR; };
		337EBE6E2D4E2B1B00602D15 /* HumeyraSayimTests.swift */ = {isa = PBXFileReference; lastKnownFileType = sourcecode.swift; path = HumeyraSayimTests.swift; sourceTree = "<group>"; };
		337EBE742D4E2B1B00602D15 /* HumeyraSayimUITests.xctest */ = {isa = PBXFileReference; explicitFileType = wrapper.cfbundle; includeInIndex = 0; path = HumeyraSayimUITests.xctest; sourceTree = BUILT_PRODUCTS_DIR; };
		337EBE782D4E2B1B00602D15 /* HumeyraSayimUITests.swift */ = {isa = PBXFileReference; lastKnownFileType = sourcecode.swift; path = HumeyraSayimUITests.swift; sourceTree = "<group>"; };
		337EBE7A2D4E2B1B00602D15 /* HumeyraSayimUITestsLaunchTests.swift */ = {isa = PBXFileReference; lastKnownFileType = sourcecode.swift; path = HumeyraSayimUITestsLaunchTests.swift; sourceTree = "<group>"; };
		337EBE8B2D4E2C3000602D15 /* ListModel.swift */ = {isa = PBXFileReference; lastKnownFileType = sourcecode.swift; path = ListModel.swift; sourceTree = "<group>"; };
		337EBE8D2D4E510500602D15 /* ListViewController.swift */ = {isa = PBXFileReference; lastKnownFileType = sourcecode.swift; path = ListViewController.swift; sourceTree = "<group>"; };
		337EBE8F2D4E60D500602D15 /* ListViewModel.swift */ = {isa = PBXFileReference; lastKnownFileType = sourcecode.swift; path = ListViewModel.swift; sourceTree = "<group>"; };
		337EBE912D4F50F600602D15 /* ListResponseModel.swift */ = {isa = PBXFileReference; lastKnownFileType = sourcecode.swift; path = ListResponseModel.swift; sourceTree = "<group>"; };
		337EBE942D4F51A700602D15 /* ListRepository.swift */ = {isa = PBXFileReference; lastKnownFileType = sourcecode.swift; path = ListRepository.swift; sourceTree = "<group>"; };
		337EBE992D4FB5F700602D15 /* NetworkManager.swift */ = {isa = PBXFileReference; lastKnownFileType = sourcecode.swift; path = NetworkManager.swift; sourceTree = "<group>"; };
		337EBE9B2D502CAB00602D15 /* ListViewController.storyboard */ = {isa = PBXFileReference; lastKnownFileType = file.storyboard; path = ListViewController.storyboard; sourceTree = "<group>"; };
		337EBE9E2D502F5600602D15 /* UserListTableViewCell.swift */ = {isa = PBXFileReference; lastKnownFileType = sourcecode.swift; path = UserListTableViewCell.swift; sourceTree = "<group>"; };
		337EBE9F2D502F5600602D15 /* UserListTableViewCell.xib */ = {isa = PBXFileReference; lastKnownFileType = file.xib; path = UserListTableViewCell.xib; sourceTree = "<group>"; };
		337EBEA22D50A62500602D15 /* ViewController.swift */ = {isa = PBXFileReference; lastKnownFileType = sourcecode.swift; path = ViewController.swift; sourceTree = "<group>"; };
		337EBEA62D50B7D100602D15 /* DetailViewController.swift */ = {isa = PBXFileReference; lastKnownFileType = sourcecode.swift; path = DetailViewController.swift; sourceTree = "<group>"; };
		337EBEA82D50B7FF00602D15 /* DetailViewController.storyboard */ = {isa = PBXFileReference; lastKnownFileType = file.storyboard; path = DetailViewController.storyboard; sourceTree = "<group>"; };
		337EBEAB2D50B92000602D15 /* DetailModel.swift */ = {isa = PBXFileReference; lastKnownFileType = sourcecode.swift; path = DetailModel.swift; sourceTree = "<group>"; };
		337EBEAE2D50B9B600602D15 /* DetailViewModel.swift */ = {isa = PBXFileReference; lastKnownFileType = sourcecode.swift; path = DetailViewModel.swift; sourceTree = "<group>"; };
		337EBEB12D50BAAD00602D15 /* DetailRepository.swift */ = {isa = PBXFileReference; lastKnownFileType = sourcecode.swift; path = DetailRepository.swift; sourceTree = "<group>"; };
/* End PBXFileReference section */

/* Begin PBXFrameworksBuildPhase section */
		337EBE512D4E2B1900602D15 /* Frameworks */ = {
			isa = PBXFrameworksBuildPhase;
			buildActionMask = 2147483647;
			files = (
			);
			runOnlyForDeploymentPostprocessing = 0;
		};
		337EBE672D4E2B1B00602D15 /* Frameworks */ = {
			isa = PBXFrameworksBuildPhase;
			buildActionMask = 2147483647;
			files = (
			);
			runOnlyForDeploymentPostprocessing = 0;
		};
		337EBE712D4E2B1B00602D15 /* Frameworks */ = {
			isa = PBXFrameworksBuildPhase;
			buildActionMask = 2147483647;
			files = (
			);
			runOnlyForDeploymentPostprocessing = 0;
		};
/* End PBXFrameworksBuildPhase section */

/* Begin PBXGroup section */
		337EBE4B2D4E2B1900602D15 = {
			isa = PBXGroup;
			children = (
				337EBE562D4E2B1900602D15 /* HumeyraSayim */,
				337EBE6D2D4E2B1B00602D15 /* HumeyraSayimTests */,
				337EBE772D4E2B1B00602D15 /* HumeyraSayimUITests */,
				337EBE552D4E2B1900602D15 /* Products */,
			);
			sourceTree = "<group>";
		};
		337EBE552D4E2B1900602D15 /* Products */ = {
			isa = PBXGroup;
			children = (
				337EBE542D4E2B1900602D15 /* HumeyraSayim.app */,
				337EBE6A2D4E2B1B00602D15 /* HumeyraSayimTests.xctest */,
				337EBE742D4E2B1B00602D15 /* HumeyraSayimUITests.xctest */,
			);
			name = Products;
			sourceTree = "<group>";
		};
		337EBE562D4E2B1900602D15 /* HumeyraSayim */ = {
			isa = PBXGroup;
			children = (
				337EBEA42D50B7AC00602D15 /* DetailScreen */,
				337EBE962D4F53E500602D15 /* ListScreen */,
				337EBE872D4E2BFC00602D15 /* Network */,
				337EBE572D4E2B1900602D15 /* AppDelegate.swift */,
				337EBE592D4E2B1900602D15 /* SceneDelegate.swift */,
				337EBEA22D50A62500602D15 /* ViewController.swift */,
				337EBE5D2D4E2B1900602D15 /* Main.storyboard */,
				337EBE602D4E2B1A00602D15 /* Assets.xcassets */,
				337EBE622D4E2B1A00602D15 /* LaunchScreen.storyboard */,
				337EBE652D4E2B1A00602D15 /* Info.plist */,
			);
			path = HumeyraSayim;
			sourceTree = "<group>";
		};
		337EBE6D2D4E2B1B00602D15 /* HumeyraSayimTests */ = {
			isa = PBXGroup;
			children = (
				337EBE6E2D4E2B1B00602D15 /* HumeyraSayimTests.swift */,
			);
			path = HumeyraSayimTests;
			sourceTree = "<group>";
		};
		337EBE772D4E2B1B00602D15 /* HumeyraSayimUITests */ = {
			isa = PBXGroup;
			children = (
				337EBE782D4E2B1B00602D15 /* HumeyraSayimUITests.swift */,
				337EBE7A2D4E2B1B00602D15 /* HumeyraSayimUITestsLaunchTests.swift */,
			);
			path = HumeyraSayimUITests;
			sourceTree = "<group>";
		};
		337EBE872D4E2BFC00602D15 /* Network */ = {
			isa = PBXGroup;
			children = (
				337EBE982D4FB5D000602D15 /* NetworkManager */,
				337EBE972D4F540A00602D15 /* Models */,
			);
			path = Network;
			sourceTree = "<group>";
		};
		337EBE882D4E2C0800602D15 /* Models */ = {
			isa = PBXGroup;
			children = (
				337EBE8B2D4E2C3000602D15 /* ListModel.swift */,
			);
			path = Models;
			sourceTree = "<group>";
		};
		337EBE892D4E2C0D00602D15 /* View */ = {
			isa = PBXGroup;
			children = (
				337EBE8D2D4E510500602D15 /* ListViewController.swift */,
				337EBE9B2D502CAB00602D15 /* ListViewController.storyboard */,
				337EBE9D2D502F1E00602D15 /* Cells */,
			);
			path = View;
			sourceTree = "<group>";
		};
		337EBE8A2D4E2C1500602D15 /* ViewModel */ = {
			isa = PBXGroup;
			children = (
				337EBE8F2D4E60D500602D15 /* ListViewModel.swift */,
			);
			path = ViewModel;
			sourceTree = "<group>";
		};
		337EBE932D4F518100602D15 /* Repository */ = {
			isa = PBXGroup;
			children = (
				337EBE942D4F51A700602D15 /* ListRepository.swift */,
			);
			path = Repository;
			sourceTree = "<group>";
		};
		337EBE962D4F53E500602D15 /* ListScreen */ = {
			isa = PBXGroup;
			children = (
				337EBE882D4E2C0800602D15 /* Models */,
				337EBE892D4E2C0D00602D15 /* View */,
				337EBE8A2D4E2C1500602D15 /* ViewModel */,
				337EBE932D4F518100602D15 /* Repository */,
			);
			path = ListScreen;
			sourceTree = "<group>";
		};
		337EBE972D4F540A00602D15 /* Models */ = {
			isa = PBXGroup;
			children = (
				337EBE912D4F50F600602D15 /* ListResponseModel.swift */,
			);
			path = Models;
			sourceTree = "<group>";
		};
		337EBE982D4FB5D000602D15 /* NetworkManager */ = {
			isa = PBXGroup;
			children = (
				337EBE992D4FB5F700602D15 /* NetworkManager.swift */,
			);
			path = NetworkManager;
			sourceTree = "<group>";
		};
		337EBE9D2D502F1E00602D15 /* Cells */ = {
			isa = PBXGroup;
			children = (
				337EBE9E2D502F5600602D15 /* UserListTableViewCell.swift */,
				337EBE9F2D502F5600602D15 /* UserListTableViewCell.xib */,
			);
			path = Cells;
			sourceTree = "<group>";
		};
		337EBEA42D50B7AC00602D15 /* DetailScreen */ = {
			isa = PBXGroup;
			children = (
				337EBEB02D50BA9200602D15 /* Repository */,
				337EBEAD2D50B9A600602D15 /* ViewModel */,
				337EBEAA2D50B91400602D15 /* Models */,
				337EBEA52D50B7B800602D15 /* View */,
			);
			path = DetailScreen;
			sourceTree = "<group>";
		};
		337EBEA52D50B7B800602D15 /* View */ = {
			isa = PBXGroup;
			children = (
				337EBEA62D50B7D100602D15 /* DetailViewController.swift */,
				337EBEA82D50B7FF00602D15 /* DetailViewController.storyboard */,
			);
			path = View;
			sourceTree = "<group>";
		};
		337EBEAA2D50B91400602D15 /* Models */ = {
			isa = PBXGroup;
			children = (
				337EBEAB2D50B92000602D15 /* DetailModel.swift */,
			);
			path = Models;
			sourceTree = "<group>";
		};
		337EBEAD2D50B9A600602D15 /* ViewModel */ = {
			isa = PBXGroup;
			children = (
				337EBEAE2D50B9B600602D15 /* DetailViewModel.swift */,
			);
			path = ViewModel;
			sourceTree = "<group>";
		};
		337EBEB02D50BA9200602D15 /* Repository */ = {
			isa = PBXGroup;
			children = (
				337EBEB12D50BAAD00602D15 /* DetailRepository.swift */,
			);
			path = Repository;
			sourceTree = "<group>";
		};
/* End PBXGroup section */

/* Begin PBXNativeTarget section */
		337EBE532D4E2B1900602D15 /* HumeyraSayim */ = {
			isa = PBXNativeTarget;
			buildConfigurationList = 337EBE7E2D4E2B1B00602D15 /* Build configuration list for PBXNativeTarget "HumeyraSayim" */;
			buildPhases = (
				337EBE502D4E2B1900602D15 /* Sources */,
				337EBE512D4E2B1900602D15 /* Frameworks */,
				337EBE522D4E2B1900602D15 /* Resources */,
			);
			buildRules = (
			);
			dependencies = (
			);
			name = HumeyraSayim;
			productName = HumeyraSayim;
			productReference = 337EBE542D4E2B1900602D15 /* HumeyraSayim.app */;
			productType = "com.apple.product-type.application";
		};
		337EBE692D4E2B1B00602D15 /* HumeyraSayimTests */ = {
			isa = PBXNativeTarget;
			buildConfigurationList = 337EBE812D4E2B1B00602D15 /* Build configuration list for PBXNativeTarget "HumeyraSayimTests" */;
			buildPhases = (
				337EBE662D4E2B1B00602D15 /* Sources */,
				337EBE672D4E2B1B00602D15 /* Frameworks */,
				337EBE682D4E2B1B00602D15 /* Resources */,
			);
			buildRules = (
			);
			dependencies = (
				337EBE6C2D4E2B1B00602D15 /* PBXTargetDependency */,
			);
			name = HumeyraSayimTests;
			productName = HumeyraSayimTests;
			productReference = 337EBE6A2D4E2B1B00602D15 /* HumeyraSayimTests.xctest */;
			productType = "com.apple.product-type.bundle.unit-test";
		};
		337EBE732D4E2B1B00602D15 /* HumeyraSayimUITests */ = {
			isa = PBXNativeTarget;
			buildConfigurationList = 337EBE842D4E2B1B00602D15 /* Build configuration list for PBXNativeTarget "HumeyraSayimUITests" */;
			buildPhases = (
				337EBE702D4E2B1B00602D15 /* Sources */,
				337EBE712D4E2B1B00602D15 /* Frameworks */,
				337EBE722D4E2B1B00602D15 /* Resources */,
			);
			buildRules = (
			);
			dependencies = (
				337EBE762D4E2B1B00602D15 /* PBXTargetDependency */,
			);
			name = HumeyraSayimUITests;
			productName = HumeyraSayimUITests;
			productReference = 337EBE742D4E2B1B00602D15 /* HumeyraSayimUITests.xctest */;
			productType = "com.apple.product-type.bundle.ui-testing";
		};
/* End PBXNativeTarget section */

/* Begin PBXProject section */
		337EBE4C2D4E2B1900602D15 /* Project object */ = {
			isa = PBXProject;
			attributes = {
				BuildIndependentTargetsInParallel = 1;
				LastSwiftUpdateCheck = 1530;
				LastUpgradeCheck = 1530;
				TargetAttributes = {
					337EBE532D4E2B1900602D15 = {
						CreatedOnToolsVersion = 15.3;
					};
					337EBE692D4E2B1B00602D15 = {
						CreatedOnToolsVersion = 15.3;
						TestTargetID = 337EBE532D4E2B1900602D15;
					};
					337EBE732D4E2B1B00602D15 = {
						CreatedOnToolsVersion = 15.3;
						TestTargetID = 337EBE532D4E2B1900602D15;
					};
				};
			};
			buildConfigurationList = 337EBE4F2D4E2B1900602D15 /* Build configuration list for PBXProject "HumeyraSayim" */;
			compatibilityVersion = "Xcode 14.0";
			developmentRegion = en;
			hasScannedForEncodings = 0;
			knownRegions = (
				en,
				Base,
			);
			mainGroup = 337EBE4B2D4E2B1900602D15;
			productRefGroup = 337EBE552D4E2B1900602D15 /* Products */;
			projectDirPath = "";
			projectRoot = "";
			targets = (
				337EBE532D4E2B1900602D15 /* HumeyraSayim */,
				337EBE692D4E2B1B00602D15 /* HumeyraSayimTests */,
				337EBE732D4E2B1B00602D15 /* HumeyraSayimUITests */,
			);
		};
/* End PBXProject section */

/* Begin PBXResourcesBuildPhase section */
		337EBE522D4E2B1900602D15 /* Resources */ = {
			isa = PBXResourcesBuildPhase;
			buildActionMask = 2147483647;
			files = (
				337EBEA12D502F5600602D15 /* UserListTableViewCell.xib in Resources */,
				337EBE612D4E2B1A00602D15 /* Assets.xcassets in Resources */,
				337EBE642D4E2B1A00602D15 /* Base in Resources */,
				337EBE5F2D4E2B1900602D15 /* Base in Resources */,
				337EBEA92D50B7FF00602D15 /* DetailViewController.storyboard in Resources */,
				337EBE9C2D502CAB00602D15 /* ListViewController.storyboard in Resources */,
			);
			runOnlyForDeploymentPostprocessing = 0;
		};
		337EBE682D4E2B1B00602D15 /* Resources */ = {
			isa = PBXResourcesBuildPhase;
			buildActionMask = 2147483647;
			files = (
			);
			runOnlyForDeploymentPostprocessing = 0;
		};
		337EBE722D4E2B1B00602D15 /* Resources */ = {
			isa = PBXResourcesBuildPhase;
			buildActionMask = 2147483647;
			files = (
			);
			runOnlyForDeploymentPostprocessing = 0;
		};
/* End PBXResourcesBuildPhase section */

/* Begin PBXSourcesBuildPhase section */
		337EBE502D4E2B1900602D15 /* Sources */ = {
			isa = PBXSourcesBuildPhase;
			buildActionMask = 2147483647;
			files = (
				337EBEAC2D50B92000602D15 /* DetailModel.swift in Sources */,
				337EBEA72D50B7D100602D15 /* DetailViewController.swift in Sources */,
				337EBEB22D50BAAD00602D15 /* DetailRepository.swift in Sources */,
				337EBEA32D50A62500602D15 /* ViewController.swift in Sources */,
				337EBEA02D502F5600602D15 /* UserListTableViewCell.swift in Sources */,
				337EBE9A2D4FB5F700602D15 /* NetworkManager.swift in Sources */,
				337EBE952D4F51A700602D15 /* ListRepository.swift in Sources */,
				337EBE582D4E2B1900602D15 /* AppDelegate.swift in Sources */,
				337EBE902D4E60D500602D15 /* ListViewModel.swift in Sources */,
				337EBE5A2D4E2B1900602D15 /* SceneDelegate.swift in Sources */,
				337EBEAF2D50B9B600602D15 /* DetailViewModel.swift in Sources */,
				337EBE922D4F50F600602D15 /* ListResponseModel.swift in Sources */,
				337EBE8E2D4E510500602D15 /* ListViewController.swift in Sources */,
				337EBE8C2D4E2C3000602D15 /* ListModel.swift in Sources */,
			);
			runOnlyForDeploymentPostprocessing = 0;
		};
		337EBE662D4E2B1B00602D15 /* Sources */ = {
			isa = PBXSourcesBuildPhase;
			buildActionMask = 2147483647;
			files = (
				337EBE6F2D4E2B1B00602D15 /* HumeyraSayimTests.swift in Sources */,
			);
			runOnlyForDeploymentPostprocessing = 0;
		};
		337EBE702D4E2B1B00602D15 /* Sources */ = {
			isa = PBXSourcesBuildPhase;
			buildActionMask = 2147483647;
			files = (
				337EBE7B2D4E2B1B00602D15 /* HumeyraSayimUITestsLaunchTests.swift in Sources */,
				337EBE792D4E2B1B00602D15 /* HumeyraSayimUITests.swift in Sources */,
			);
			runOnlyForDeploymentPostprocessing = 0;
		};
/* End PBXSourcesBuildPhase section */

/* Begin PBXTargetDependency section */
		337EBE6C2D4E2B1B00602D15 /* PBXTargetDependency */ = {
			isa = PBXTargetDependency;
			target = 337EBE532D4E2B1900602D15 /* HumeyraSayim */;
			targetProxy = 337EBE6B2D4E2B1B00602D15 /* PBXContainerItemProxy */;
		};
		337EBE762D4E2B1B00602D15 /* PBXTargetDependency */ = {
			isa = PBXTargetDependency;
			target = 337EBE532D4E2B1900602D15 /* HumeyraSayim */;
			targetProxy = 337EBE752D4E2B1B00602D15 /* PBXContainerItemProxy */;
		};
/* End PBXTargetDependency section */

/* Begin PBXVariantGroup section */
		337EBE5D2D4E2B1900602D15 /* Main.storyboard */ = {
			isa = PBXVariantGroup;
			children = (
				337EBE5E2D4E2B1900602D15 /* Base */,
			);
			name = Main.storyboard;
			sourceTree = "<group>";
		};
		337EBE622D4E2B1A00602D15 /* LaunchScreen.storyboard */ = {
			isa = PBXVariantGroup;
			children = (
				337EBE632D4E2B1A00602D15 /* Base */,
			);
			name = LaunchScreen.storyboard;
			sourceTree = "<group>";
		};
/* End PBXVariantGroup section */

/* Begin XCBuildConfiguration section */
		337EBE7C2D4E2B1B00602D15 /* Debug */ = {
			isa = XCBuildConfiguration;
			buildSettings = {
				ALWAYS_SEARCH_USER_PATHS = NO;
				ASSETCATALOG_COMPILER_GENERATE_SWIFT_ASSET_SYMBOL_EXTENSIONS = YES;
				CLANG_ANALYZER_NONNULL = YES;
				CLANG_ANALYZER_NUMBER_OBJECT_CONVERSION = YES_AGGRESSIVE;
				CLANG_CXX_LANGUAGE_STANDARD = "gnu++20";
				CLANG_ENABLE_MODULES = YES;
				CLANG_ENABLE_OBJC_ARC = YES;
				CLANG_ENABLE_OBJC_WEAK = YES;
				CLANG_WARN_BLOCK_CAPTURE_AUTORELEASING = YES;
				CLANG_WARN_BOOL_CONVERSION = YES;
				CLANG_WARN_COMMA = YES;
				CLANG_WARN_CONSTANT_CONVERSION = YES;
				CLANG_WARN_DEPRECATED_OBJC_IMPLEMENTATIONS = YES;
				CLANG_WARN_DIRECT_OBJC_ISA_USAGE = YES_ERROR;
				CLANG_WARN_DOCUMENTATION_COMMENTS = YES;
				CLANG_WARN_EMPTY_BODY = YES;
				CLANG_WARN_ENUM_CONVERSION = YES;
				CLANG_WARN_INFINITE_RECURSION = YES;
				CLANG_WARN_INT_CONVERSION = YES;
				CLANG_WARN_NON_LITERAL_NULL_CONVERSION = YES;
				CLANG_WARN_OBJC_IMPLICIT_RETAIN_SELF = YES;
				CLANG_WARN_OBJC_LITERAL_CONVERSION = YES;
				CLANG_WARN_OBJC_ROOT_CLASS = YES_ERROR;
				CLANG_WARN_QUOTED_INCLUDE_IN_FRAMEWORK_HEADER = YES;
				CLANG_WARN_RANGE_LOOP_ANALYSIS = YES;
				CLANG_WARN_STRICT_PROTOTYPES = YES;
				CLANG_WARN_SUSPICIOUS_MOVE = YES;
				CLANG_WARN_UNGUARDED_AVAILABILITY = YES_AGGRESSIVE;
				CLANG_WARN_UNREACHABLE_CODE = YES;
				CLANG_WARN__DUPLICATE_METHOD_MATCH = YES;
				COPY_PHASE_STRIP = NO;
				DEBUG_INFORMATION_FORMAT = dwarf;
				ENABLE_STRICT_OBJC_MSGSEND = YES;
				ENABLE_TESTABILITY = YES;
				ENABLE_USER_SCRIPT_SANDBOXING = YES;
				GCC_C_LANGUAGE_STANDARD = gnu17;
				GCC_DYNAMIC_NO_PIC = NO;
				GCC_NO_COMMON_BLOCKS = YES;
				GCC_OPTIMIZATION_LEVEL = 0;
				GCC_PREPROCESSOR_DEFINITIONS = (
					"DEBUG=1",
					"$(inherited)",
				);
				GCC_WARN_64_TO_32_BIT_CONVERSION = YES;
				GCC_WARN_ABOUT_RETURN_TYPE = YES_ERROR;
				GCC_WARN_UNDECLARED_SELECTOR = YES;
				GCC_WARN_UNINITIALIZED_AUTOS = YES_AGGRESSIVE;
				GCC_WARN_UNUSED_FUNCTION = YES;
				GCC_WARN_UNUSED_VARIABLE = YES;
				IPHONEOS_DEPLOYMENT_TARGET = 17.4;
				LOCALIZATION_PREFERS_STRING_CATALOGS = YES;
				MTL_ENABLE_DEBUG_INFO = INCLUDE_SOURCE;
				MTL_FAST_MATH = YES;
				ONLY_ACTIVE_ARCH = YES;
				SDKROOT = iphoneos;
				SWIFT_ACTIVE_COMPILATION_CONDITIONS = "DEBUG $(inherited)";
				SWIFT_OPTIMIZATION_LEVEL = "-Onone";
			};
			name = Debug;
		};
		337EBE7D2D4E2B1B00602D15 /* Release */ = {
			isa = XCBuildConfiguration;
			buildSettings = {
				ALWAYS_SEARCH_USER_PATHS = NO;
				ASSETCATALOG_COMPILER_GENERATE_SWIFT_ASSET_SYMBOL_EXTENSIONS = YES;
				CLANG_ANALYZER_NONNULL = YES;
				CLANG_ANALYZER_NUMBER_OBJECT_CONVERSION = YES_AGGRESSIVE;
				CLANG_CXX_LANGUAGE_STANDARD = "gnu++20";
				CLANG_ENABLE_MODULES = YES;
				CLANG_ENABLE_OBJC_ARC = YES;
				CLANG_ENABLE_OBJC_WEAK = YES;
				CLANG_WARN_BLOCK_CAPTURE_AUTORELEASING = YES;
				CLANG_WARN_BOOL_CONVERSION = YES;
				CLANG_WARN_COMMA = YES;
				CLANG_WARN_CONSTANT_CONVERSION = YES;
				CLANG_WARN_DEPRECATED_OBJC_IMPLEMENTATIONS = YES;
				CLANG_WARN_DIRECT_OBJC_ISA_USAGE = YES_ERROR;
				CLANG_WARN_DOCUMENTATION_COMMENTS = YES;
				CLANG_WARN_EMPTY_BODY = YES;
				CLANG_WARN_ENUM_CONVERSION = YES;
				CLANG_WARN_INFINITE_RECURSION = YES;
				CLANG_WARN_INT_CONVERSION = YES;
				CLANG_WARN_NON_LITERAL_NULL_CONVERSION = YES;
				CLANG_WARN_OBJC_IMPLICIT_RETAIN_SELF = YES;
				CLANG_WARN_OBJC_LITERAL_CONVERSION = YES;
				CLANG_WARN_OBJC_ROOT_CLASS = YES_ERROR;
				CLANG_WARN_QUOTED_INCLUDE_IN_FRAMEWORK_HEADER = YES;
				CLANG_WARN_RANGE_LOOP_ANALYSIS = YES;
				CLANG_WARN_STRICT_PROTOTYPES = YES;
				CLANG_WARN_SUSPICIOUS_MOVE = YES;
				CLANG_WARN_UNGUARDED_AVAILABILITY = YES_AGGRESSIVE;
				CLANG_WARN_UNREACHABLE_CODE = YES;
				CLANG_WARN__DUPLICATE_METHOD_MATCH = YES;
				COPY_PHASE_STRIP = NO;
				DEBUG_INFORMATION_FORMAT = "dwarf-with-dsym";
				ENABLE_NS_ASSERTIONS = NO;
				ENABLE_STRICT_OBJC_MSGSEND = YES;
				ENABLE_USER_SCRIPT_SANDBOXING = YES;
				GCC_C_LANGUAGE_STANDARD = gnu17;
				GCC_NO_COMMON_BLOCKS = YES;
				GCC_WARN_64_TO_32_BIT_CONVERSION = YES;
				GCC_WARN_ABOUT_RETURN_TYPE = YES_ERROR;
				GCC_WARN_UNDECLARED_SELECTOR = YES;
				GCC_WARN_UNINITIALIZED_AUTOS = YES_AGGRESSIVE;
				GCC_WARN_UNUSED_FUNCTION = YES;
				GCC_WARN_UNUSED_VARIABLE = YES;
				IPHONEOS_DEPLOYMENT_TARGET = 17.4;
				LOCALIZATION_PREFERS_STRING_CATALOGS = YES;
				MTL_ENABLE_DEBUG_INFO = NO;
				MTL_FAST_MATH = YES;
				SDKROOT = iphoneos;
				SWIFT_COMPILATION_MODE = wholemodule;
				VALIDATE_PRODUCT = YES;
			};
			name = Release;
		};
		337EBE7F2D4E2B1B00602D15 /* Debug */ = {
			isa = XCBuildConfiguration;
			buildSettings = {
				ASSETCATALOG_COMPILER_APPICON_NAME = AppIcon;
				ASSETCATALOG_COMPILER_GLOBAL_ACCENT_COLOR_NAME = AccentColor;
				CODE_SIGN_STYLE = Automatic;
				CURRENT_PROJECT_VERSION = 1;
				DEVELOPMENT_TEAM = K89SKHBN94;
				GENERATE_INFOPLIST_FILE = YES;
				INFOPLIST_FILE = HumeyraSayim/Info.plist;
				INFOPLIST_KEY_UIApplicationSupportsIndirectInputEvents = YES;
				INFOPLIST_KEY_UILaunchStoryboardName = LaunchScreen;
				INFOPLIST_KEY_UIMainStoryboardFile = Main;
				INFOPLIST_KEY_UISupportedInterfaceOrientations_iPad = "UIInterfaceOrientationPortrait UIInterfaceOrientationPortraitUpsideDown UIInterfaceOrientationLandscapeLeft UIInterfaceOrientationLandscapeRight";
				INFOPLIST_KEY_UISupportedInterfaceOrientations_iPhone = "UIInterfaceOrientationPortrait UIInterfaceOrientationLandscapeLeft UIInterfaceOrientationLandscapeRight";
				LD_RUNPATH_SEARCH_PATHS = (
					"$(inherited)",
					"@executable_path/Frameworks",
				);
				MARKETING_VERSION = 1.0;
				PRODUCT_BUNDLE_IDENTIFIER = com.humeyrasaym.HumeyraSayim;
				PRODUCT_NAME = "$(TARGET_NAME)";
				SWIFT_EMIT_LOC_STRINGS = YES;
				SWIFT_VERSION = 5.0;
				TARGETED_DEVICE_FAMILY = "1,2";
			};
			name = Debug;
		};
		337EBE802D4E2B1B00602D15 /* Release */ = {
			isa = XCBuildConfiguration;
			buildSettings = {
				ASSETCATALOG_COMPILER_APPICON_NAME = AppIcon;
				ASSETCATALOG_COMPILER_GLOBAL_ACCENT_COLOR_NAME = AccentColor;
				CODE_SIGN_STYLE = Automatic;
				CURRENT_PROJECT_VERSION = 1;
				DEVELOPMENT_TEAM = K89SKHBN94;
				GENERATE_INFOPLIST_FILE = YES;
				INFOPLIST_FILE = HumeyraSayim/Info.plist;
				INFOPLIST_KEY_UIApplicationSupportsIndirectInputEvents = YES;
				INFOPLIST_KEY_UILaunchStoryboardName = LaunchScreen;
				INFOPLIST_KEY_UIMainStoryboardFile = Main;
				INFOPLIST_KEY_UISupportedInterfaceOrientations_iPad = "UIInterfaceOrientationPortrait UIInterfaceOrientationPortraitUpsideDown UIInterfaceOrientationLandscapeLeft UIInterfaceOrientationLandscapeRight";
				INFOPLIST_KEY_UISupportedInterfaceOrientations_iPhone = "UIInterfaceOrientationPortrait UIInterfaceOrientationLandscapeLeft UIInterfaceOrientationLandscapeRight";
				LD_RUNPATH_SEARCH_PATHS = (
					"$(inherited)",
					"@executable_path/Frameworks",
				);
				MARKETING_VERSION = 1.0;
				PRODUCT_BUNDLE_IDENTIFIER = com.humeyrasaym.HumeyraSayim;
				PRODUCT_NAME = "$(TARGET_NAME)";
				SWIFT_EMIT_LOC_STRINGS = YES;
				SWIFT_VERSION = 5.0;
				TARGETED_DEVICE_FAMILY = "1,2";
			};
			name = Release;
		};
		337EBE822D4E2B1B00602D15 /* Debug */ = {
			isa = XCBuildConfiguration;
			buildSettings = {
				ALWAYS_EMBED_SWIFT_STANDARD_LIBRARIES = YES;
				BUNDLE_LOADER = "$(TEST_HOST)";
				CODE_SIGN_STYLE = Automatic;
				CURRENT_PROJECT_VERSION = 1;
				DEVELOPMENT_TEAM = K89SKHBN94;
				GENERATE_INFOPLIST_FILE = YES;
				IPHONEOS_DEPLOYMENT_TARGET = 17.4;
				MARKETING_VERSION = 1.0;
				PRODUCT_BUNDLE_IDENTIFIER = com.humeyrasaym.HumeyraSayimTests;
				PRODUCT_NAME = "$(TARGET_NAME)";
				SWIFT_EMIT_LOC_STRINGS = NO;
				SWIFT_VERSION = 5.0;
				TARGETED_DEVICE_FAMILY = "1,2";
				TEST_HOST = "$(BUILT_PRODUCTS_DIR)/HumeyraSayim.app/$(BUNDLE_EXECUTABLE_FOLDER_PATH)/HumeyraSayim";
			};
			name = Debug;
		};
		337EBE832D4E2B1B00602D15 /* Release */ = {
			isa = XCBuildConfiguration;
			buildSettings = {
				ALWAYS_EMBED_SWIFT_STANDARD_LIBRARIES = YES;
				BUNDLE_LOADER = "$(TEST_HOST)";
				CODE_SIGN_STYLE = Automatic;
				CURRENT_PROJECT_VERSION = 1;
				DEVELOPMENT_TEAM = K89SKHBN94;
				GENERATE_INFOPLIST_FILE = YES;
				IPHONEOS_DEPLOYMENT_TARGET = 17.4;
				MARKETING_VERSION = 1.0;
				PRODUCT_BUNDLE_IDENTIFIER = com.humeyrasaym.HumeyraSayimTests;
				PRODUCT_NAME = "$(TARGET_NAME)";
				SWIFT_EMIT_LOC_STRINGS = NO;
				SWIFT_VERSION = 5.0;
				TARGETED_DEVICE_FAMILY = "1,2";
				TEST_HOST = "$(BUILT_PRODUCTS_DIR)/HumeyraSayim.app/$(BUNDLE_EXECUTABLE_FOLDER_PATH)/HumeyraSayim";
			};
			name = Release;
		};
		337EBE852D4E2B1B00602D15 /* Debug */ = {
			isa = XCBuildConfiguration;
			buildSettings = {
				ALWAYS_EMBED_SWIFT_STANDARD_LIBRARIES = YES;
				CODE_SIGN_STYLE = Automatic;
				CURRENT_PROJECT_VERSION = 1;
				DEVELOPMENT_TEAM = K89SKHBN94;
				GENERATE_INFOPLIST_FILE = YES;
				MARKETING_VERSION = 1.0;
				PRODUCT_BUNDLE_IDENTIFIER = com.humeyrasaym.HumeyraSayimUITests;
				PRODUCT_NAME = "$(TARGET_NAME)";
				SWIFT_EMIT_LOC_STRINGS = NO;
				SWIFT_VERSION = 5.0;
				TARGETED_DEVICE_FAMILY = "1,2";
				TEST_TARGET_NAME = HumeyraSayim;
			};
			name = Debug;
		};
		337EBE862D4E2B1B00602D15 /* Release */ = {
			isa = XCBuildConfiguration;
			buildSettings = {
				ALWAYS_EMBED_SWIFT_STANDARD_LIBRARIES = YES;
				CODE_SIGN_STYLE = Automatic;
				CURRENT_PROJECT_VERSION = 1;
				DEVELOPMENT_TEAM = K89SKHBN94;
				GENERATE_INFOPLIST_FILE = YES;
				MARKETING_VERSION = 1.0;
				PRODUCT_BUNDLE_IDENTIFIER = com.humeyrasaym.HumeyraSayimUITests;
				PRODUCT_NAME = "$(TARGET_NAME)";
				SWIFT_EMIT_LOC_STRINGS = NO;
				SWIFT_VERSION = 5.0;
				TARGETED_DEVICE_FAMILY = "1,2";
				TEST_TARGET_NAME = HumeyraSayim;
			};
			name = Release;
		};
/* End XCBuildConfiguration section */

/* Begin XCConfigurationList section */
		337EBE4F2D4E2B1900602D15 /* Build configuration list for PBXProject "HumeyraSayim" */ = {
			isa = XCConfigurationList;
			buildConfigurations = (
				337EBE7C2D4E2B1B00602D15 /* Debug */,
				337EBE7D2D4E2B1B00602D15 /* Release */,
			);
			defaultConfigurationIsVisible = 0;
			defaultConfigurationName = Release;
		};
		337EBE7E2D4E2B1B00602D15 /* Build configuration list for PBXNativeTarget "HumeyraSayim" */ = {
			isa = XCConfigurationList;
			buildConfigurations = (
				337EBE7F2D4E2B1B00602D15 /* Debug */,
				337EBE802D4E2B1B00602D15 /* Release */,
			);
			defaultConfigurationIsVisible = 0;
			defaultConfigurationName = Release;
		};
		337EBE812D4E2B1B00602D15 /* Build configuration list for PBXNativeTarget "HumeyraSayimTests" */ = {
			isa = XCConfigurationList;
			buildConfigurations = (
				337EBE822D4E2B1B00602D15 /* Debug */,
				337EBE832D4E2B1B00602D15 /* Release */,
			);
			defaultConfigurationIsVisible = 0;
			defaultConfigurationName = Release;
		};
		337EBE842D4E2B1B00602D15 /* Build configuration list for PBXNativeTarget "HumeyraSayimUITests" */ = {
			isa = XCConfigurationList;
			buildConfigurations = (
				337EBE852D4E2B1B00602D15 /* Debug */,
				337EBE862D4E2B1B00602D15 /* Release */,
			);
			defaultConfigurationIsVisible = 0;
			defaultConfigurationName = Release;
		};
/* End XCConfigurationList section */
	};
	rootObject = 337EBE4C2D4E2B1900602D15 /* Project object */;
}
